// !$*UTF8*$!
{
	archiveVersion = 1;
	classes = {
	};
	objectVersion = 46;
	objects = {

/* Begin PBXBuildFile section */
		B159C50816BD9A9D009721AB /* UIKit.framework in Frameworks */ = {isa = PBXBuildFile; fileRef = B159C50716BD9A9D009721AB /* UIKit.framework */; };
		B159C50A16BD9A9D009721AB /* Foundation.framework in Frameworks */ = {isa = PBXBuildFile; fileRef = B159C50916BD9A9D009721AB /* Foundation.framework */; };
		B159C50C16BD9A9D009721AB /* CoreGraphics.framework in Frameworks */ = {isa = PBXBuildFile; fileRef = B159C50B16BD9A9D009721AB /* CoreGraphics.framework */; };
		B159C51216BD9A9D009721AB /* InfoPlist.strings in Resources */ = {isa = PBXBuildFile; fileRef = B159C51016BD9A9D009721AB /* InfoPlist.strings */; };
		B159C51416BD9A9D009721AB /* main.m in Sources */ = {isa = PBXBuildFile; fileRef = B159C51316BD9A9D009721AB /* main.m */; };
		B159C51816BD9A9D009721AB /* AppDelegate.m in Sources */ = {isa = PBXBuildFile; fileRef = B159C51716BD9A9D009721AB /* AppDelegate.m */; };
		B159C51A16BD9A9D009721AB /* Default.png in Resources */ = {isa = PBXBuildFile; fileRef = B159C51916BD9A9D009721AB /* Default.png */; };
		B159C51C16BD9A9D009721AB /* Default@2x.png in Resources */ = {isa = PBXBuildFile; fileRef = B159C51B16BD9A9D009721AB /* Default@2x.png */; };
		B159C51E16BD9A9D009721AB /* Default-568h@2x.png in Resources */ = {isa = PBXBuildFile; fileRef = B159C51D16BD9A9D009721AB /* Default-568h@2x.png */; };
		B159C52E16BD9AAA009721AB /* AVFoundation.framework in Frameworks */ = {isa = PBXBuildFile; fileRef = B159C52D16BD9AAA009721AB /* AVFoundation.framework */; };
		B159C54316BD9ADB009721AB /* DIYAV.m in Sources */ = {isa = PBXBuildFile; fileRef = B159C53116BD9ADB009721AB /* DIYAV.m */; };
		B159C54416BD9ADB009721AB /* DIYAVPreview.m in Sources */ = {isa = PBXBuildFile; fileRef = B159C53416BD9ADB009721AB /* DIYAVPreview.m */; };
		B159C54516BD9ADB009721AB /* DIYAVUtilities.m in Sources */ = {isa = PBXBuildFile; fileRef = B159C53616BD9ADB009721AB /* DIYAVUtilities.m */; };
		B159C54616BD9ADB009721AB /* Underscore+Functional.m in Sources */ = {isa = PBXBuildFile; fileRef = B159C53A16BD9ADB009721AB /* Underscore+Functional.m */; };
		B159C54716BD9ADB009721AB /* Underscore.m in Sources */ = {isa = PBXBuildFile; fileRef = B159C53D16BD9ADB009721AB /* Underscore.m */; };
		B159C54816BD9ADB009721AB /* USArrayWrapper.m in Sources */ = {isa = PBXBuildFile; fileRef = B159C53F16BD9ADB009721AB /* USArrayWrapper.m */; };
		B159C54916BD9ADB009721AB /* USDictionaryWrapper.m in Sources */ = {isa = PBXBuildFile; fileRef = B159C54216BD9ADB009721AB /* USDictionaryWrapper.m */; };
		B159C55716BD9AE8009721AB /* DIYCam.m in Sources */ = {isa = PBXBuildFile; fileRef = B159C54C16BD9AE8009721AB /* DIYCam.m */; };
		B159C55816BD9AE8009721AB /* DIYCamFileOperation.m in Sources */ = {isa = PBXBuildFile; fileRef = B159C54F16BD9AE8009721AB /* DIYCamFileOperation.m */; };
		B159C55916BD9AE8009721AB /* DIYCamLibraryImageOperation.m in Sources */ = {isa = PBXBuildFile; fileRef = B159C55116BD9AE8009721AB /* DIYCamLibraryImageOperation.m */; };
		B159C55A16BD9AE8009721AB /* DIYCamLibraryVideoOperation.m in Sources */ = {isa = PBXBuildFile; fileRef = B159C55316BD9AE8009721AB /* DIYCamLibraryVideoOperation.m */; };
		B159C55B16BD9AE8009721AB /* DIYCamUtilities.m in Sources */ = {isa = PBXBuildFile; fileRef = B159C55516BD9AE8009721AB /* DIYCamUtilities.m */; };
		B159C55E16BD9B02009721AB /* QuartzCore.framework in Frameworks */ = {isa = PBXBuildFile; fileRef = B159C55D16BD9B02009721AB /* QuartzCore.framework */; };
		B159C56016BD9B08009721AB /* CoreMedia.framework in Frameworks */ = {isa = PBXBuildFile; fileRef = B159C55F16BD9B08009721AB /* CoreMedia.framework */; };
		B159C56216BD9B0C009721AB /* AssetsLibrary.framework in Frameworks */ = {isa = PBXBuildFile; fileRef = B159C56116BD9B0C009721AB /* AssetsLibrary.framework */; };
		B159C56416BD9B16009721AB /* MobileCoreServices.framework in Frameworks */ = {isa = PBXBuildFile; fileRef = B159C56316BD9B16009721AB /* MobileCoreServices.framework */; };
		B159C56716BD9B4C009721AB /* OCCameraViewController.m in Sources */ = {isa = PBXBuildFile; fileRef = B159C56616BD9B4C009721AB /* OCCameraViewController.m */; };
/* End PBXBuildFile section */

/* Begin PBXFileReference section */
		B159C50416BD9A9D009721AB /* OCCamera.app */ = {isa = PBXFileReference; explicitFileType = wrapper.application; includeInIndex = 0; path = OCCamera.app; sourceTree = BUILT_PRODUCTS_DIR; };
		B159C50716BD9A9D009721AB /* UIKit.framework */ = {isa = PBXFileReference; lastKnownFileType = wrapper.framework; name = UIKit.framework; path = System/Library/Frameworks/UIKit.framework; sourceTree = SDKROOT; };
		B159C50916BD9A9D009721AB /* Foundation.framework */ = {isa = PBXFileReference; lastKnownFileType = wrapper.framework; name = Foundation.framework; path = System/Library/Frameworks/Foundation.framework; sourceTree = SDKROOT; };
		B159C50B16BD9A9D009721AB /* CoreGraphics.framework */ = {isa = PBXFileReference; lastKnownFileType = wrapper.framework; name = CoreGraphics.framework; path = System/Library/Frameworks/CoreGraphics.framework; sourceTree = SDKROOT; };
		B159C50F16BD9A9D009721AB /* OCCamera-Info.plist */ = {isa = PBXFileReference; lastKnownFileType = text.plist.xml; path = "OCCamera-Info.plist"; sourceTree = "<group>"; };
		B159C51116BD9A9D009721AB /* en */ = {isa = PBXFileReference; lastKnownFileType = text.plist.strings; name = en; path = en.lproj/InfoPlist.strings; sourceTree = "<group>"; };
		B159C51316BD9A9D009721AB /* main.m */ = {isa = PBXFileReference; lastKnownFileType = sourcecode.c.objc; path = main.m; sourceTree = "<group>"; };
		B159C51516BD9A9D009721AB /* OCCamera-Prefix.pch */ = {isa = PBXFileReference; lastKnownFileType = sourcecode.c.h; path = "OCCamera-Prefix.pch"; sourceTree = "<group>"; };
		B159C51616BD9A9D009721AB /* AppDelegate.h */ = {isa = PBXFileReference; lastKnownFileType = sourcecode.c.h; path = AppDelegate.h; sourceTree = "<group>"; };
		B159C51716BD9A9D009721AB /* AppDelegate.m */ = {isa = PBXFileReference; lastKnownFileType = sourcecode.c.objc; path = AppDelegate.m; sourceTree = "<group>"; };
		B159C51916BD9A9D009721AB /* Default.png */ = {isa = PBXFileReference; lastKnownFileType = image.png; path = Default.png; sourceTree = "<group>"; };
		B159C51B16BD9A9D009721AB /* Default@2x.png */ = {isa = PBXFileReference; lastKnownFileType = image.png; path = "Default@2x.png"; sourceTree = "<group>"; };
		B159C51D16BD9A9D009721AB /* Default-568h@2x.png */ = {isa = PBXFileReference; lastKnownFileType = image.png; path = "Default-568h@2x.png"; sourceTree = "<group>"; };
		B159C52D16BD9AAA009721AB /* AVFoundation.framework */ = {isa = PBXFileReference; lastKnownFileType = wrapper.framework; name = AVFoundation.framework; path = System/Library/Frameworks/AVFoundation.framework; sourceTree = SDKROOT; };
		B159C53016BD9ADB009721AB /* DIYAV.h */ = {isa = PBXFileReference; fileEncoding = 4; lastKnownFileType = sourcecode.c.h; path = DIYAV.h; sourceTree = "<group>"; };
		B159C53116BD9ADB009721AB /* DIYAV.m */ = {isa = PBXFileReference; fileEncoding = 4; lastKnownFileType = sourcecode.c.objc; path = DIYAV.m; sourceTree = "<group>"; };
		B159C53216BD9ADB009721AB /* DIYAVDefaults.h */ = {isa = PBXFileReference; fileEncoding = 4; lastKnownFileType = sourcecode.c.h; path = DIYAVDefaults.h; sourceTree = "<group>"; };
		B159C53316BD9ADB009721AB /* DIYAVPreview.h */ = {isa = PBXFileReference; fileEncoding = 4; lastKnownFileType = sourcecode.c.h; path = DIYAVPreview.h; sourceTree = "<group>"; };
		B159C53416BD9ADB009721AB /* DIYAVPreview.m */ = {isa = PBXFileReference; fileEncoding = 4; lastKnownFileType = sourcecode.c.objc; path = DIYAVPreview.m; sourceTree = "<group>"; };
		B159C53516BD9ADB009721AB /* DIYAVUtilities.h */ = {isa = PBXFileReference; fileEncoding = 4; lastKnownFileType = sourcecode.c.h; path = DIYAVUtilities.h; sourceTree = "<group>"; };
		B159C53616BD9ADB009721AB /* DIYAVUtilities.m */ = {isa = PBXFileReference; fileEncoding = 4; lastKnownFileType = sourcecode.c.objc; path = DIYAVUtilities.m; sourceTree = "<group>"; };
		B159C53916BD9ADB009721AB /* Underscore+Functional.h */ = {isa = PBXFileReference; fileEncoding = 4; lastKnownFileType = sourcecode.c.h; path = "Underscore+Functional.h"; sourceTree = "<group>"; };
		B159C53A16BD9ADB009721AB /* Underscore+Functional.m */ = {isa = PBXFileReference; fileEncoding = 4; lastKnownFileType = sourcecode.c.objc; path = "Underscore+Functional.m"; sourceTree = "<group>"; };
		B159C53B16BD9ADB009721AB /* Underscore-Prefix.pch */ = {isa = PBXFileReference; fileEncoding = 4; lastKnownFileType = sourcecode.c.h; path = "Underscore-Prefix.pch"; sourceTree = "<group>"; };
		B159C53C16BD9ADB009721AB /* Underscore.h */ = {isa = PBXFileReference; fileEncoding = 4; lastKnownFileType = sourcecode.c.h; path = Underscore.h; sourceTree = "<group>"; };
		B159C53D16BD9ADB009721AB /* Underscore.m */ = {isa = PBXFileReference; fileEncoding = 4; lastKnownFileType = sourcecode.c.objc; path = Underscore.m; sourceTree = "<group>"; };
		B159C53E16BD9ADB009721AB /* USArrayWrapper.h */ = {isa = PBXFileReference; fileEncoding = 4; lastKnownFileType = sourcecode.c.h; path = USArrayWrapper.h; sourceTree = "<group>"; };
		B159C53F16BD9ADB009721AB /* USArrayWrapper.m */ = {isa = PBXFileReference; fileEncoding = 4; lastKnownFileType = sourcecode.c.objc; path = USArrayWrapper.m; sourceTree = "<group>"; };
		B159C54016BD9ADB009721AB /* USConstants.h */ = {isa = PBXFileReference; fileEncoding = 4; lastKnownFileType = sourcecode.c.h; path = USConstants.h; sourceTree = "<group>"; };
		B159C54116BD9ADB009721AB /* USDictionaryWrapper.h */ = {isa = PBXFileReference; fileEncoding = 4; lastKnownFileType = sourcecode.c.h; path = USDictionaryWrapper.h; sourceTree = "<group>"; };
		B159C54216BD9ADB009721AB /* USDictionaryWrapper.m */ = {isa = PBXFileReference; fileEncoding = 4; lastKnownFileType = sourcecode.c.objc; path = USDictionaryWrapper.m; sourceTree = "<group>"; };
		B159C54B16BD9AE8009721AB /* DIYCam.h */ = {isa = PBXFileReference; fileEncoding = 4; lastKnownFileType = sourcecode.c.h; path = DIYCam.h; sourceTree = "<group>"; };
		B159C54C16BD9AE8009721AB /* DIYCam.m */ = {isa = PBXFileReference; fileEncoding = 4; lastKnownFileType = sourcecode.c.objc; path = DIYCam.m; sourceTree = "<group>"; };
		B159C54D16BD9AE8009721AB /* DIYCamDefaults.h */ = {isa = PBXFileReference; fileEncoding = 4; lastKnownFileType = sourcecode.c.h; path = DIYCamDefaults.h; sourceTree = "<group>"; };
		B159C54E16BD9AE8009721AB /* DIYCamFileOperation.h */ = {isa = PBXFileReference; fileEncoding = 4; lastKnownFileType = sourcecode.c.h; path = DIYCamFileOperation.h; sourceTree = "<group>"; };
		B159C54F16BD9AE8009721AB /* DIYCamFileOperation.m */ = {isa = PBXFileReference; fileEncoding = 4; lastKnownFileType = sourcecode.c.objc; path = DIYCamFileOperation.m; sourceTree = "<group>"; };
		B159C55016BD9AE8009721AB /* DIYCamLibraryImageOperation.h */ = {isa = PBXFileReference; fileEncoding = 4; lastKnownFileType = sourcecode.c.h; path = DIYCamLibraryImageOperation.h; sourceTree = "<group>"; };
		B159C55116BD9AE8009721AB /* DIYCamLibraryImageOperation.m */ = {isa = PBXFileReference; fileEncoding = 4; lastKnownFileType = sourcecode.c.objc; path = DIYCamLibraryImageOperation.m; sourceTree = "<group>"; };
		B159C55216BD9AE8009721AB /* DIYCamLibraryVideoOperation.h */ = {isa = PBXFileReference; fileEncoding = 4; lastKnownFileType = sourcecode.c.h; path = DIYCamLibraryVideoOperation.h; sourceTree = "<group>"; };
		B159C55316BD9AE8009721AB /* DIYCamLibraryVideoOperation.m */ = {isa = PBXFileReference; fileEncoding = 4; lastKnownFileType = sourcecode.c.objc; path = DIYCamLibraryVideoOperation.m; sourceTree = "<group>"; };
		B159C55416BD9AE8009721AB /* DIYCamUtilities.h */ = {isa = PBXFileReference; fileEncoding = 4; lastKnownFileType = sourcecode.c.h; path = DIYCamUtilities.h; sourceTree = "<group>"; };
		B159C55516BD9AE8009721AB /* DIYCamUtilities.m */ = {isa = PBXFileReference; fileEncoding = 4; lastKnownFileType = sourcecode.c.objc; path = DIYCamUtilities.m; sourceTree = "<group>"; };
		B159C55D16BD9B02009721AB /* QuartzCore.framework */ = {isa = PBXFileReference; lastKnownFileType = wrapper.framework; name = QuartzCore.framework; path = System/Library/Frameworks/QuartzCore.framework; sourceTree = SDKROOT; };
		B159C55F16BD9B08009721AB /* CoreMedia.framework */ = {isa = PBXFileReference; lastKnownFileType = wrapper.framework; name = CoreMedia.framework; path = System/Library/Frameworks/CoreMedia.framework; sourceTree = SDKROOT; };
		B159C56116BD9B0C009721AB /* AssetsLibrary.framework */ = {isa = PBXFileReference; lastKnownFileType = wrapper.framework; name = AssetsLibrary.framework; path = System/Library/Frameworks/AssetsLibrary.framework; sourceTree = SDKROOT; };
		B159C56316BD9B16009721AB /* MobileCoreServices.framework */ = {isa = PBXFileReference; lastKnownFileType = wrapper.framework; name = MobileCoreServices.framework; path = System/Library/Frameworks/MobileCoreServices.framework; sourceTree = SDKROOT; };
		B159C56516BD9B4C009721AB /* OCCameraViewController.h */ = {isa = PBXFileReference; fileEncoding = 4; lastKnownFileType = sourcecode.c.h; path = OCCameraViewController.h; sourceTree = "<group>"; };
		B159C56616BD9B4C009721AB /* OCCameraViewController.m */ = {isa = PBXFileReference; fileEncoding = 4; lastKnownFileType = sourcecode.c.objc; path = OCCameraViewController.m; sourceTree = "<group>"; };
/* End PBXFileReference section */

/* Begin PBXFrameworksBuildPhase section */
		B159C50116BD9A9D009721AB /* Frameworks */ = {
			isa = PBXFrameworksBuildPhase;
			buildActionMask = 2147483647;
			files = (
				B159C56416BD9B16009721AB /* MobileCoreServices.framework in Frameworks */,
				B159C56216BD9B0C009721AB /* AssetsLibrary.framework in Frameworks */,
				B159C56016BD9B08009721AB /* CoreMedia.framework in Frameworks */,
				B159C55E16BD9B02009721AB /* QuartzCore.framework in Frameworks */,
				B159C52E16BD9AAA009721AB /* AVFoundation.framework in Frameworks */,
				B159C50816BD9A9D009721AB /* UIKit.framework in Frameworks */,
				B159C50A16BD9A9D009721AB /* Foundation.framework in Frameworks */,
				B159C50C16BD9A9D009721AB /* CoreGraphics.framework in Frameworks */,
			);
			runOnlyForDeploymentPostprocessing = 0;
		};
/* End PBXFrameworksBuildPhase section */

/* Begin PBXGroup section */
		B159C4FB16BD9A9D009721AB = {
			isa = PBXGroup;
			children = (
				B159C54A16BD9AE8009721AB /* DIYCam */,
				B159C52F16BD9ADB009721AB /* DIYAV */,
				B159C50D16BD9A9D009721AB /* OCCamera */,
				B159C50616BD9A9D009721AB /* Frameworks */,
				B159C50516BD9A9D009721AB /* Products */,
			);
			sourceTree = "<group>";
		};
		B159C50516BD9A9D009721AB /* Products */ = {
			isa = PBXGroup;
			children = (
				B159C50416BD9A9D009721AB /* OCCamera.app */,
			);
			name = Products;
			sourceTree = "<group>";
		};
		B159C50616BD9A9D009721AB /* Frameworks */ = {
			isa = PBXGroup;
			children = (
				B159C56316BD9B16009721AB /* MobileCoreServices.framework */,
				B159C56116BD9B0C009721AB /* AssetsLibrary.framework */,
				B159C55F16BD9B08009721AB /* CoreMedia.framework */,
				B159C55D16BD9B02009721AB /* QuartzCore.framework */,
				B159C52D16BD9AAA009721AB /* AVFoundation.framework */,
				B159C50716BD9A9D009721AB /* UIKit.framework */,
				B159C50916BD9A9D009721AB /* Foundation.framework */,
				B159C50B16BD9A9D009721AB /* CoreGraphics.framework */,
			);
			name = Frameworks;
			sourceTree = "<group>";
		};
		B159C50D16BD9A9D009721AB /* OCCamera */ = {
			isa = PBXGroup;
			children = (
				B159C51616BD9A9D009721AB /* AppDelegate.h */,
				B159C51716BD9A9D009721AB /* AppDelegate.m */,
				B159C56516BD9B4C009721AB /* OCCameraViewController.h */,
				B159C56616BD9B4C009721AB /* OCCameraViewController.m */,
				B159C50E16BD9A9D009721AB /* Supporting Files */,
			);
			path = OCCamera;
			sourceTree = "<group>";
		};
		B159C50E16BD9A9D009721AB /* Supporting Files */ = {
			isa = PBXGroup;
			children = (
				B159C50F16BD9A9D009721AB /* OCCamera-Info.plist */,
				B159C51016BD9A9D009721AB /* InfoPlist.strings */,
				B159C51316BD9A9D009721AB /* main.m */,
				B159C51516BD9A9D009721AB /* OCCamera-Prefix.pch */,
				B159C51916BD9A9D009721AB /* Default.png */,
				B159C51B16BD9A9D009721AB /* Default@2x.png */,
				B159C51D16BD9A9D009721AB /* Default-568h@2x.png */,
			);
			name = "Supporting Files";
			sourceTree = "<group>";
		};
		B159C52F16BD9ADB009721AB /* DIYAV */ = {
			isa = PBXGroup;
			children = (
				B159C53016BD9ADB009721AB /* DIYAV.h */,
				B159C53116BD9ADB009721AB /* DIYAV.m */,
				B159C53216BD9ADB009721AB /* DIYAVDefaults.h */,
				B159C53316BD9ADB009721AB /* DIYAVPreview.h */,
				B159C53416BD9ADB009721AB /* DIYAVPreview.m */,
				B159C53516BD9ADB009721AB /* DIYAVUtilities.h */,
				B159C53616BD9ADB009721AB /* DIYAVUtilities.m */,
				B159C53716BD9ADB009721AB /* lib */,
			);
			path = DIYAV;
			sourceTree = "<group>";
		};
		B159C53716BD9ADB009721AB /* lib */ = {
			isa = PBXGroup;
			children = (
				B159C53816BD9ADB009721AB /* Underscore */,
			);
			path = lib;
			sourceTree = "<group>";
		};
		B159C53816BD9ADB009721AB /* Underscore */ = {
			isa = PBXGroup;
			children = (
				B159C53916BD9ADB009721AB /* Underscore+Functional.h */,
				B159C53A16BD9ADB009721AB /* Underscore+Functional.m */,
				B159C53B16BD9ADB009721AB /* Underscore-Prefix.pch */,
				B159C53C16BD9ADB009721AB /* Underscore.h */,
				B159C53D16BD9ADB009721AB /* Underscore.m */,
				B159C53E16BD9ADB009721AB /* USArrayWrapper.h */,
				B159C53F16BD9ADB009721AB /* USArrayWrapper.m */,
				B159C54016BD9ADB009721AB /* USConstants.h */,
				B159C54116BD9ADB009721AB /* USDictionaryWrapper.h */,
				B159C54216BD9ADB009721AB /* USDictionaryWrapper.m */,
			);
			path = Underscore;
			sourceTree = "<group>";
		};
		B159C54A16BD9AE8009721AB /* DIYCam */ = {
			isa = PBXGroup;
			children = (
				B159C54B16BD9AE8009721AB /* DIYCam.h */,
				B159C54C16BD9AE8009721AB /* DIYCam.m */,
				B159C54D16BD9AE8009721AB /* DIYCamDefaults.h */,
				B159C54E16BD9AE8009721AB /* DIYCamFileOperation.h */,
				B159C54F16BD9AE8009721AB /* DIYCamFileOperation.m */,
				B159C55016BD9AE8009721AB /* DIYCamLibraryImageOperation.h */,
				B159C55116BD9AE8009721AB /* DIYCamLibraryImageOperation.m */,
				B159C55216BD9AE8009721AB /* DIYCamLibraryVideoOperation.h */,
				B159C55316BD9AE8009721AB /* DIYCamLibraryVideoOperation.m */,
				B159C55416BD9AE8009721AB /* DIYCamUtilities.h */,
				B159C55516BD9AE8009721AB /* DIYCamUtilities.m */,
			);
			path = DIYCam;
			sourceTree = "<group>";
		};
/* End PBXGroup section */

/* Begin PBXNativeTarget section */
		B159C50316BD9A9D009721AB /* OCCamera */ = {
			isa = PBXNativeTarget;
			buildConfigurationList = B159C52A16BD9A9D009721AB /* Build configuration list for PBXNativeTarget "OCCamera" */;
			buildPhases = (
				B159C50016BD9A9D009721AB /* Sources */,
				B159C50116BD9A9D009721AB /* Frameworks */,
				B159C50216BD9A9D009721AB /* Resources */,
			);
			buildRules = (
			);
			dependencies = (
			);
			name = OCCamera;
			productName = OCCamera;
			productReference = B159C50416BD9A9D009721AB /* OCCamera.app */;
			productType = "com.apple.product-type.application";
		};
/* End PBXNativeTarget section */

/* Begin PBXProject section */
		B159C4FC16BD9A9D009721AB /* Project object */ = {
			isa = PBXProject;
			attributes = {
				LastUpgradeCheck = 0460;
				ORGANIZATIONNAME = "Oliver Rickard";
			};
			buildConfigurationList = B159C4FF16BD9A9D009721AB /* Build configuration list for PBXProject "OCCamera" */;
			compatibilityVersion = "Xcode 3.2";
			developmentRegion = English;
			hasScannedForEncodings = 0;
			knownRegions = (
				en,
			);
			mainGroup = B159C4FB16BD9A9D009721AB;
			productRefGroup = B159C50516BD9A9D009721AB /* Products */;
			projectDirPath = "";
			projectRoot = "";
			targets = (
				B159C50316BD9A9D009721AB /* OCCamera */,
			);
		};
/* End PBXProject section */

/* Begin PBXResourcesBuildPhase section */
		B159C50216BD9A9D009721AB /* Resources */ = {
			isa = PBXResourcesBuildPhase;
			buildActionMask = 2147483647;
			files = (
				B159C51216BD9A9D009721AB /* InfoPlist.strings in Resources */,
				B159C51A16BD9A9D009721AB /* Default.png in Resources */,
				B159C51C16BD9A9D009721AB /* Default@2x.png in Resources */,
				B159C51E16BD9A9D009721AB /* Default-568h@2x.png in Resources */,
			);
			runOnlyForDeploymentPostprocessing = 0;
		};
/* End PBXResourcesBuildPhase section */

/* Begin PBXSourcesBuildPhase section */
		B159C50016BD9A9D009721AB /* Sources */ = {
			isa = PBXSourcesBuildPhase;
			buildActionMask = 2147483647;
			files = (
				B159C51416BD9A9D009721AB /* main.m in Sources */,
				B159C51816BD9A9D009721AB /* AppDelegate.m in Sources */,
				B159C54316BD9ADB009721AB /* DIYAV.m in Sources */,
				B159C54416BD9ADB009721AB /* DIYAVPreview.m in Sources */,
				B159C54516BD9ADB009721AB /* DIYAVUtilities.m in Sources */,
				B159C54616BD9ADB009721AB /* Underscore+Functional.m in Sources */,
				B159C54716BD9ADB009721AB /* Underscore.m in Sources */,
				B159C54816BD9ADB009721AB /* USArrayWrapper.m in Sources */,
				B159C54916BD9ADB009721AB /* USDictionaryWrapper.m in Sources */,
				B159C55716BD9AE8009721AB /* DIYCam.m in Sources */,
				B159C55816BD9AE8009721AB /* DIYCamFileOperation.m in Sources */,
				B159C55916BD9AE8009721AB /* DIYCamLibraryImageOperation.m in Sources */,
				B159C55A16BD9AE8009721AB /* DIYCamLibraryVideoOperation.m in Sources */,
				B159C55B16BD9AE8009721AB /* DIYCamUtilities.m in Sources */,
				B159C56716BD9B4C009721AB /* OCCameraViewController.m in Sources */,
			);
			runOnlyForDeploymentPostprocessing = 0;
		};
/* End PBXSourcesBuildPhase section */

/* Begin PBXVariantGroup section */
		B159C51016BD9A9D009721AB /* InfoPlist.strings */ = {
			isa = PBXVariantGroup;
			children = (
				B159C51116BD9A9D009721AB /* en */,
			);
			name = InfoPlist.strings;
			sourceTree = "<group>";
		};
/* End PBXVariantGroup section */

/* Begin XCBuildConfiguration section */
		B159C52816BD9A9D009721AB /* Debug */ = {
			isa = XCBuildConfiguration;
			buildSettings = {
				ALWAYS_SEARCH_USER_PATHS = NO;
				CLANG_CXX_LANGUAGE_STANDARD = "gnu++0x";
				CLANG_CXX_LIBRARY = "libc++";
				CLANG_ENABLE_OBJC_ARC = YES;
				CLANG_WARN_CONSTANT_CONVERSION = YES;
				CLANG_WARN_EMPTY_BODY = YES;
				CLANG_WARN_ENUM_CONVERSION = YES;
				CLANG_WARN_INT_CONVERSION = YES;
				CLANG_WARN__DUPLICATE_METHOD_MATCH = YES;
				"CODE_SIGN_IDENTITY[sdk=iphoneos*]" = "iPhone Developer";
				COPY_PHASE_STRIP = NO;
				GCC_C_LANGUAGE_STANDARD = gnu99;
				GCC_DYNAMIC_NO_PIC = NO;
				GCC_OPTIMIZATION_LEVEL = 0;
				GCC_PREPROCESSOR_DEFINITIONS = (
					"DEBUG=1",
					"$(inherited)",
				);
				GCC_SYMBOLS_PRIVATE_EXTERN = NO;
				GCC_WARN_ABOUT_RETURN_TYPE = YES;
				GCC_WARN_UNINITIALIZED_AUTOS = YES;
				GCC_WARN_UNUSED_VARIABLE = YES;
				IPHONEOS_DEPLOYMENT_TARGET = 6.1;
				ONLY_ACTIVE_ARCH = YES;
				SDKROOT = iphoneos;
				TARGETED_DEVICE_FAMILY = "1,2";
			};
			name = Debug;
		};
		B159C52916BD9A9D009721AB /* Release */ = {
			isa = XCBuildConfiguration;
			buildSettings = {
				ALWAYS_SEARCH_USER_PATHS = NO;
				CLANG_CXX_LANGUAGE_STANDARD = "gnu++0x";
				CLANG_CXX_LIBRARY = "libc++";
				CLANG_ENABLE_OBJC_ARC = YES;
				CLANG_WARN_CONSTANT_CONVERSION = YES;
				CLANG_WARN_EMPTY_BODY = YES;
				CLANG_WARN_ENUM_CONVERSION = YES;
				CLANG_WARN_INT_CONVERSION = YES;
				CLANG_WARN__DUPLICATE_METHOD_MATCH = YES;
				"CODE_SIGN_IDENTITY[sdk=iphoneos*]" = "iPhone Developer";
				COPY_PHASE_STRIP = YES;
				GCC_C_LANGUAGE_STANDARD = gnu99;
				GCC_WARN_ABOUT_RETURN_TYPE = YES;
				GCC_WARN_UNINITIALIZED_AUTOS = YES;
				GCC_WARN_UNUSED_VARIABLE = YES;
				IPHONEOS_DEPLOYMENT_TARGET = 6.1;
				OTHER_CFLAGS = "-DNS_BLOCK_ASSERTIONS=1";
				SDKROOT = iphoneos;
				TARGETED_DEVICE_FAMILY = "1,2";
				VALIDATE_PRODUCT = YES;
			};
			name = Release;
		};
		B159C52B16BD9A9D009721AB /* Debug */ = {
			isa = XCBuildConfiguration;
			buildSettings = {
				GCC_PRECOMPILE_PREFIX_HEADER = YES;
				GCC_PREFIX_HEADER = "OCCamera/OCCamera-Prefix.pch";
				INFOPLIST_FILE = "OCCamera/OCCamera-Info.plist";
				PRODUCT_NAME = "$(TARGET_NAME)";
				WRAPPER_EXTENSION = app;
			};
			name = Debug;
		};
		B159C52C16BD9A9D009721AB /* Release */ = {
			isa = XCBuildConfiguration;
			buildSettings = {
				GCC_PRECOMPILE_PREFIX_HEADER = YES;
				GCC_PREFIX_HEADER = "OCCamera/OCCamera-Prefix.pch";
				INFOPLIST_FILE = "OCCamera/OCCamera-Info.plist";
				PRODUCT_NAME = "$(TARGET_NAME)";
				WRAPPER_EXTENSION = app;
			};
			name = Release;
		};
/* End XCBuildConfiguration section */

/* Begin XCConfigurationList section */
		B159C4FF16BD9A9D009721AB /* Build configuration list for PBXProject "OCCamera" */ = {
			isa = XCConfigurationList;
			buildConfigurations = (
				B159C52816BD9A9D009721AB /* Debug */,
				B159C52916BD9A9D009721AB /* Release */,
			);
			defaultConfigurationIsVisible = 0;
			defaultConfigurationName = Release;
		};
		B159C52A16BD9A9D009721AB /* Build configuration list for PBXNativeTarget "OCCamera" */ = {
			isa = XCConfigurationList;
			buildConfigurations = (
				B159C52B16BD9A9D009721AB /* Debug */,
				B159C52C16BD9A9D009721AB /* Release */,
			);
			defaultConfigurationIsVisible = 0;
			defaultConfigurationName = Release;
		};
/* End XCConfigurationList section */
	};
	rootObject = B159C4FC16BD9A9D009721AB /* Project object */;
}
